
Microsoft Visual Studio Solution File, Format Version 12.00
# Visual Studio Version 17
VisualStudioVersion = 17.4.33103.184
MinimumVisualStudioVersion = 10.0.40219.1
Project("{FAE04EC0-301F-11D3-BF4B-00C04F79EFBC}") = "SerializacjaProstaGra", "SerializacjaProstaGra\SerializacjaProstaGra.csproj", "{D4AF83BD-56C0-4CAE-95E9-80C104C7E575}"
EndProject
Global
	GlobalSection(SolutionConfigurationPlatforms) = preSolution
		Debug|Any CPU = Debug|Any CPU
		Release|Any CPU = Release|Any CPU
	EndGlobalSection
	GlobalSection(ProjectConfigurationPlatforms) = postSolution
		{D4AF83BD-56C0-4CAE-95E9-80C104C7E575}.Debug|Any CPU.ActiveCfg = Debug|Any CPU
		{D4AF83BD-56C0-4CAE-95E9-80C104C7E575}.Debug|Any CPU.Build.0 = Debug|Any CPU
		{D4AF83BD-56C0-4CAE-95E9-80C104C7E575}.Release|Any CPU.ActiveCfg = Release|Any CPU
		{D4AF83BD-56C0-4CAE-95E9-80C104C7E575}.Release|Any CPU.Build.0 = Release|Any CPU
	EndGlobalSection
	GlobalSection(SolutionProperties) = preSolution
		HideSolutionNode = FALSE
	EndGlobalSection
	GlobalSection(ExtensibilityGlobals) = postSolution
		SolutionGuid = {0CC80205-4EB4-4855-9608-1C7E7F8119F5}
	EndGlobalSection
EndGlobal
